<?xml version="1.0" encoding="utf-8"?>
<Project ToolsVersion="4.0" xmlns="http://schemas.microsoft.com/developer/msbuild/2003">
  <ItemGroup>
    <Filter Include="Toast">
      <UniqueIdentifier>{70942D0E-DCA8-55BF-A52A-F91E11FE51F0}</UniqueIdentifier>
    </Filter>
  </ItemGroup>
  <ItemGroup>
    <ClInclude Include="src\Toast.h" />
    <ClInclude Include="src\Toast\Application.h">
      <Filter>Toast</Filter>
    </ClInclude>
    <ClInclude Include="src\Toast\Core.h">
      <Filter>Toast</Filter>
    </ClInclude>
    <ClInclude Include="src\Toast\EntryPoint.h">
      <Filter>Toast</Filter>
    </ClInclude>
    <ClInclude Include="src\Toast\Log.h">
      <Filter>Toast</Filter>
    </ClInclude>
  </ItemGroup>
  <ItemGroup>
    <ClCompile Include="src\Toast\Application.cpp">
      <Filter>Toast</Filter>
    </ClCompile>
    <ClCompile Include="src\Toast\Log.cpp">
      <Filter>Toast</Filter>
    </ClCompile>
  </ItemGroup>
</Project>