<?xml version="1.0" encoding="utf-8"?>
<Project ToolsVersion="4.0" xmlns="http://schemas.microsoft.com/developer/msbuild/2003">
  <ItemGroup>
    <Filter Include="Toast">
      <UniqueIdentifier>{70942D0E-DCA8-55BF-A52A-F91E11FE51F0}</UniqueIdentifier>
    </Filter>
    <Filter Include="Toast\Events">
      <UniqueIdentifier>{54E2E1F0-4045-7195-E9CA-A94BD50C3D18}</UniqueIdentifier>
    </Filter>
    <Filter Include="Toast\ImGui">
      <UniqueIdentifier>{9A9D8F07-0653-08FD-8F47-02D4FBFBFE00}</UniqueIdentifier>
    </Filter>
    <Filter Include="Toast\Platform">
      <UniqueIdentifier>{C4CE01CD-B09C-F5D2-9930-66F9859DD137}</UniqueIdentifier>
    </Filter>
    <Filter Include="Toast\Platform\Windows">
      <UniqueIdentifier>{FEFC4316-EAF6-6C68-D363-0379BFFCD2D4}</UniqueIdentifier>
    </Filter>
  </ItemGroup>
  <ItemGroup>
    <ClInclude Include="src\Toast.h" />
    <ClInclude Include="src\Toast\Application.h">
      <Filter>Toast</Filter>
    </ClInclude>
    <ClInclude Include="src\Toast\Core.h">
      <Filter>Toast</Filter>
    </ClInclude>
    <ClInclude Include="src\Toast\EntryPoint.h">
      <Filter>Toast</Filter>
    </ClInclude>
    <ClInclude Include="src\Toast\Events\ApplicationEvent.h">
      <Filter>Toast\Events</Filter>
    </ClInclude>
    <ClInclude Include="src\Toast\Events\Event.h">
      <Filter>Toast\Events</Filter>
    </ClInclude>
    <ClInclude Include="src\Toast\Events\KeyEvent.h">
      <Filter>Toast\Events</Filter>
    </ClInclude>
    <ClInclude Include="src\Toast\Events\MouseEvent.h">
      <Filter>Toast\Events</Filter>
    </ClInclude>
    <ClInclude Include="src\Toast\ImGui\ImGuiLayer.h">
      <Filter>Toast\ImGui</Filter>
    </ClInclude>
    <ClInclude Include="src\Toast\Input.h">
      <Filter>Toast</Filter>
    </ClInclude>
    <ClInclude Include="src\Toast\KeyCodes.h">
      <Filter>Toast</Filter>
    </ClInclude>
    <ClInclude Include="src\Toast\Layer.h">
      <Filter>Toast</Filter>
    </ClInclude>
    <ClInclude Include="src\Toast\LayerStack.h">
      <Filter>Toast</Filter>
    </ClInclude>
    <ClInclude Include="src\Toast\Log.h">
      <Filter>Toast</Filter>
    </ClInclude>
    <ClInclude Include="src\Toast\MouseButtonCodes.h">
      <Filter>Toast</Filter>
    </ClInclude>
    <ClInclude Include="src\Toast\Platform\Windows\WindowsInput.h">
      <Filter>Toast\Platform\Windows</Filter>
    </ClInclude>
    <ClInclude Include="src\Toast\Platform\Windows\WindowsWindow.h">
      <Filter>Toast\Platform\Windows</Filter>
    </ClInclude>
    <ClInclude Include="src\Toast\Window.h">
      <Filter>Toast</Filter>
    </ClInclude>
    <ClInclude Include="src\tpch.h" />
  </ItemGroup>
  <ItemGroup>
    <ClCompile Include="src\Toast\Application.cpp">
      <Filter>Toast</Filter>
    </ClCompile>
    <ClCompile Include="src\Toast\ImGui\ImGuiBuild.cpp">
      <Filter>Toast\ImGui</Filter>
    </ClCompile>
    <ClCompile Include="src\Toast\ImGui\ImGuiLayer.cpp">
      <Filter>Toast\ImGui</Filter>
    </ClCompile>
    <ClCompile Include="src\Toast\Layer.cpp">
      <Filter>Toast</Filter>
    </ClCompile>
    <ClCompile Include="src\Toast\LayerStack.cpp">
      <Filter>Toast</Filter>
    </ClCompile>
    <ClCompile Include="src\Toast\Log.cpp">
      <Filter>Toast</Filter>
    </ClCompile>
    <ClCompile Include="src\Toast\Platform\Windows\WindowsInput.cpp">
      <Filter>Toast\Platform\Windows</Filter>
    </ClCompile>
    <ClCompile Include="src\Toast\Platform\Windows\WindowsWindow.cpp">
      <Filter>Toast\Platform\Windows</Filter>
    </ClCompile>
    <ClCompile Include="src\tpch.cpp" />
  </ItemGroup>
</Project>